
Microsoft Visual Studio Solution File, Format Version 12.00
# Visual Studio 15
VisualStudioVersion = 15.0.27428.2037
MinimumVisualStudioVersion = 10.0.40219.1
Project("{FAE04EC0-301F-11D3-BF4B-00C04F79EFBC}") = "InventoryManagementSystem", "InventoryManagementSystem\InventoryManagementSystem.csproj", "{25C98C99-D842-4F1E-A497-DFDF74611B4E}"
EndProject
Project("{FAE04EC0-301F-11D3-BF4B-00C04F79EFBC}") = "InventoryClasses", "InventoryClasses\InventoryClasses.csproj", "{2A49B158-C528-4A25-9ED0-1806A2A44A1F}"
EndProject
Project("{FAE04EC0-301F-11D3-BF4B-00C04F79EFBC}") = "TestCases", "TestCases\TestCases.csproj", "{98B216F1-29E1-403A-8A0C-8E32267104E8}"
EndProject
Global
	GlobalSection(SolutionConfigurationPlatforms) = preSolution
		Debug|Any CPU = Debug|Any CPU
		Release|Any CPU = Release|Any CPU
	EndGlobalSection
	GlobalSection(ProjectConfigurationPlatforms) = postSolution
		{25C98C99-D842-4F1E-A497-DFDF74611B4E}.Debug|Any CPU.ActiveCfg = Debug|Any CPU
		{25C98C99-D842-4F1E-A497-DFDF74611B4E}.Debug|Any CPU.Build.0 = Debug|Any CPU
		{25C98C99-D842-4F1E-A497-DFDF74611B4E}.Release|Any CPU.ActiveCfg = Release|Any CPU
		{25C98C99-D842-4F1E-A497-DFDF74611B4E}.Release|Any CPU.Build.0 = Release|Any CPU
		{2A49B158-C528-4A25-9ED0-1806A2A44A1F}.Debug|Any CPU.ActiveCfg = Debug|Any CPU
		{2A49B158-C528-4A25-9ED0-1806A2A44A1F}.Debug|Any CPU.Build.0 = Debug|Any CPU
		{2A49B158-C528-4A25-9ED0-1806A2A44A1F}.Release|Any CPU.ActiveCfg = Release|Any CPU
		{2A49B158-C528-4A25-9ED0-1806A2A44A1F}.Release|Any CPU.Build.0 = Release|Any CPU
		{98B216F1-29E1-403A-8A0C-8E32267104E8}.Debug|Any CPU.ActiveCfg = Debug|Any CPU
		{98B216F1-29E1-403A-8A0C-8E32267104E8}.Debug|Any CPU.Build.0 = Debug|Any CPU
		{98B216F1-29E1-403A-8A0C-8E32267104E8}.Release|Any CPU.ActiveCfg = Release|Any CPU
		{98B216F1-29E1-403A-8A0C-8E32267104E8}.Release|Any CPU.Build.0 = Release|Any CPU
	EndGlobalSection
	GlobalSection(SolutionProperties) = preSolution
		HideSolutionNode = FALSE
	EndGlobalSection
	GlobalSection(ExtensibilityGlobals) = postSolution
		SolutionGuid = {4FF2B4B7-B9C5-41BC-B9B2-36D3C785086F}
	EndGlobalSection
EndGlobal
